
Microsoft Visual Studio Solution File, Format Version 12.00
# Visual Studio Version 16
VisualStudioVersion = 16.0.31624.102
MinimumVisualStudioVersion = 10.0.40219.1
Project("{FAE04EC0-301F-11D3-BF4B-00C04F79EFBC}") = "Quilt-Project", "Quilt-Project\Quilt-Project.csproj", "{F3A8952A-F4BE-4387-9E70-8F310E91AB72}"
EndProject
Global
	GlobalSection(SolutionConfigurationPlatforms) = preSolution
		Debug|Any CPU = Debug|Any CPU
		Release|Any CPU = Release|Any CPU
	EndGlobalSection
	GlobalSection(ProjectConfigurationPlatforms) = postSolution
		{F3A8952A-F4BE-4387-9E70-8F310E91AB72}.Debug|Any CPU.ActiveCfg = Debug|Any CPU
		{F3A8952A-F4BE-4387-9E70-8F310E91AB72}.Debug|Any CPU.Build.0 = Debug|Any CPU
		{F3A8952A-F4BE-4387-9E70-8F310E91AB72}.Release|Any CPU.ActiveCfg = Release|Any CPU
		{F3A8952A-F4BE-4387-9E70-8F310E91AB72}.Release|Any CPU.Build.0 = Release|Any CPU
	EndGlobalSection
	GlobalSection(SolutionProperties) = preSolution
		HideSolutionNode = FALSE
	EndGlobalSection
	GlobalSection(ExtensibilityGlobals) = postSolution
		SolutionGuid = {BDA38ED2-FA2F-4853-9FDD-783F6077B49F}
	EndGlobalSection
EndGlobal
